
Microsoft Visual Studio Solution File, Format Version 12.00
# Visual Studio Version 17
VisualStudioVersion = 17.9.34728.123
MinimumVisualStudioVersion = 10.0.40219.1
Project("{FAE04EC0-301F-11D3-BF4B-00C04F79EFBC}") = "Prácticas Guía 3 parte 2", "Prácticas Guía 3 parte 2\Prácticas Guía 3 parte 2.csproj", "{B9FEA1A5-79CB-4612-8F6C-FDE351F6515A}"
EndProject
Global
	GlobalSection(SolutionConfigurationPlatforms) = preSolution
		Debug|Any CPU = Debug|Any CPU
		Release|Any CPU = Release|Any CPU
	EndGlobalSection
	GlobalSection(ProjectConfigurationPlatforms) = postSolution
		{B9FEA1A5-79CB-4612-8F6C-FDE351F6515A}.Debug|Any CPU.ActiveCfg = Debug|Any CPU
		{B9FEA1A5-79CB-4612-8F6C-FDE351F6515A}.Debug|Any CPU.Build.0 = Debug|Any CPU
		{B9FEA1A5-79CB-4612-8F6C-FDE351F6515A}.Release|Any CPU.ActiveCfg = Release|Any CPU
		{B9FEA1A5-79CB-4612-8F6C-FDE351F6515A}.Release|Any CPU.Build.0 = Release|Any CPU
	EndGlobalSection
	GlobalSection(SolutionProperties) = preSolution
		HideSolutionNode = FALSE
	EndGlobalSection
	GlobalSection(ExtensibilityGlobals) = postSolution
		SolutionGuid = {251CAD65-A428-411D-A4B3-58C3E4EE8A43}
	EndGlobalSection
EndGlobal
